
Microsoft Visual Studio Solution File, Format Version 12.00
# Visual Studio Version 16
VisualStudioVersion = 16.0.28822.285
MinimumVisualStudioVersion = 10.0.40219.1
Project("{FAE04EC0-301F-11D3-BF4B-00C04F79EFBC}") = "MyLeasing.Common", "MyLeasing.Common\MyLeasing.Common.csproj", "{E835DD85-240F-4139-A030-D32A711C90B3}"
EndProject
Project("{FAE04EC0-301F-11D3-BF4B-00C04F79EFBC}") = "MyLeasing.Web", "MyLeasing.Web\MyLeasing.Web.csproj", "{5316FAAB-3D5F-4981-A69B-C66DB73E17DA}"
EndProject
Global
	GlobalSection(SolutionConfigurationPlatforms) = preSolution
		Debug|Any CPU = Debug|Any CPU
		Release|Any CPU = Release|Any CPU
	EndGlobalSection
	GlobalSection(ProjectConfigurationPlatforms) = postSolution
		{E835DD85-240F-4139-A030-D32A711C90B3}.Debug|Any CPU.ActiveCfg = Debug|Any CPU
		{E835DD85-240F-4139-A030-D32A711C90B3}.Debug|Any CPU.Build.0 = Debug|Any CPU
		{E835DD85-240F-4139-A030-D32A711C90B3}.Release|Any CPU.ActiveCfg = Release|Any CPU
		{E835DD85-240F-4139-A030-D32A711C90B3}.Release|Any CPU.Build.0 = Release|Any CPU
		{5316FAAB-3D5F-4981-A69B-C66DB73E17DA}.Debug|Any CPU.ActiveCfg = Debug|Any CPU
		{5316FAAB-3D5F-4981-A69B-C66DB73E17DA}.Debug|Any CPU.Build.0 = Debug|Any CPU
		{5316FAAB-3D5F-4981-A69B-C66DB73E17DA}.Release|Any CPU.ActiveCfg = Release|Any CPU
		{5316FAAB-3D5F-4981-A69B-C66DB73E17DA}.Release|Any CPU.Build.0 = Release|Any CPU
	EndGlobalSection
	GlobalSection(SolutionProperties) = preSolution
		HideSolutionNode = FALSE
	EndGlobalSection
	GlobalSection(ExtensibilityGlobals) = postSolution
		SolutionGuid = {179D2247-4070-442D-A6C7-52CBB28E58D5}
	EndGlobalSection
EndGlobal
